{
  "name": "novajs",
  "version": "0.1.0",
  "lockfileVersion": 1,
  "requires": true,
  "dependencies": {
    "@bazel/bazel": {
      "version": "1.1.0",
      "resolved": "https://registry.npmjs.org/@bazel/bazel/-/bazel-1.1.0.tgz",
      "integrity": "sha512-3NOWRHG1i/tAVQWuStIUuliFLVfjcKMbqIlc2Q206VWQ5pjlKgo0qa+qrWb0G6BYq+N3hxT4IwBz+Z17A8dbbg==",
      "dev": true,
      "requires": {
        "@bazel/bazel-darwin_x64": "1.1.0",
        "@bazel/bazel-linux_x64": "1.1.0",
        "@bazel/bazel-win32_x64": "1.1.0",
        "@bazel/hide-bazel-files": "^0.39.1"
      },
      "dependencies": {
        "@bazel/bazel-darwin_x64": {
          "version": "1.1.0",
          "resolved": "https://registry.npmjs.org/@bazel/bazel-darwin_x64/-/bazel-darwin_x64-1.1.0.tgz",
          "integrity": "sha512-/dnpkjqnl2Qrcy+qFerOe+lV9QZ2HoUHtTplQgRxa+OH8AtQ7mcopdJ9/3Y10GqgT2Kp+AR6G99R59/Si+BOMg==",
          "dev": true,
          "optional": true
        },
        "@bazel/bazel-linux_x64": {
          "version": "1.1.0",
          "resolved": "https://registry.npmjs.org/@bazel/bazel-linux_x64/-/bazel-linux_x64-1.1.0.tgz",
          "integrity": "sha512-yDR1URphRQTkXYjl4U2NLmbGR8ar8imhytK3txZZqlPf5pfWI/7wa7gSg0H4VbRRLIGAy/nD2eXZpgSj1eUiqA==",
          "dev": true,
          "optional": true
        },
        "@bazel/bazel-win32_x64": {
          "version": "1.1.0",
          "resolved": "https://registry.npmjs.org/@bazel/bazel-win32_x64/-/bazel-win32_x64-1.1.0.tgz",
          "integrity": "sha512-mj3ujcifKO+hjAjHvLoutYxzs90YWuc/fYJuVaEQrk4YFrRW5g70OpjN74zzBHRstObOjSZ3cOj+HDB19SIFKw==",
          "dev": true,
          "optional": true
        }
      }
    },
    "@bazel/buildifier": {
      "version": "0.29.0",
      "resolved": "https://registry.npmjs.org/@bazel/buildifier/-/buildifier-0.29.0.tgz",
      "integrity": "sha512-skJ7vVff7x3tB8crBCtJji2wU09uH0uD2N30xfOpVUgsMJSXktAQMj8+RPdMBqJQ9XS5+O5lmRthR35Ua7xQXA==",
      "dev": true,
      "requires": {
        "@bazel/buildifier-darwin_x64": "0.29.0",
        "@bazel/buildifier-linux_x64": "0.29.0",
        "@bazel/buildifier-win32_x64": "0.29.0"
      },
      "dependencies": {
        "@bazel/buildifier-darwin_x64": {
          "version": "0.29.0",
          "resolved": "https://registry.npmjs.org/@bazel/buildifier-darwin_x64/-/buildifier-darwin_x64-0.29.0.tgz",
          "integrity": "sha512-jiQIZo5z1c8oFokD2jObrkB04Bs+7RaUJ6WlHV9BBeJiRMGfRVUBUrOF5eJPk6VB8qknIOfHvJD/Ym5XUc1Zlw==",
          "dev": true,
          "optional": true
        },
        "@bazel/buildifier-linux_x64": {
          "version": "0.29.0",
          "resolved": "https://registry.npmjs.org/@bazel/buildifier-linux_x64/-/buildifier-linux_x64-0.29.0.tgz",
          "integrity": "sha512-sXXY0gP4oC1nC1G8Baqd7kyBL/y9/qOqftKSkDe2Y7gBoc9GslwyexwDxTSxK0Gun/4Vcvc2eRu7b83hMOxuag==",
          "dev": true,
          "optional": true
        },
        "@bazel/buildifier-win32_x64": {
          "version": "0.29.0",
          "resolved": "https://registry.npmjs.org/@bazel/buildifier-win32_x64/-/buildifier-win32_x64-0.29.0.tgz",
          "integrity": "sha512-hnOQfPhQNAIqbrhsHT3MWAyAZSUhKwxzEuZJZoOsGrW8fPonhKysdvfZJqfqJ6vDVYaMJKvLnSO1c9QZRhU7kQ==",
          "dev": true,
          "optional": true
        }
      }
    },
    "@bazel/hide-bazel-files": {
      "version": "0.39.1",
      "resolved": "https://registry.npmjs.org/@bazel/hide-bazel-files/-/hide-bazel-files-0.39.1.tgz",
      "integrity": "sha512-nmILMfF8wD3hR3+r0MUCqPahgBYszLKFBcrbnmYthG6Oujgy1NpYMjeWj7Hjt3pJMkT1MgQP/VipLu2gQyMc0Q==",
      "dev": true
    },
    "@bazel/ibazel": {
      "version": "0.10.3",
      "resolved": "https://registry.npmjs.org/@bazel/ibazel/-/ibazel-0.10.3.tgz",
      "integrity": "sha512-v1nXbMTHVlMM4z4uWp6XiRoHAyUlYggF1SOboLLWRp0+D22kWixqArWqnozLw2mOtnxr97BdLjluWiho6A8Hjg==",
      "dev": true
    },
    "@bazel/typescript": {
      "version": "0.39.1",
      "resolved": "https://registry.npmjs.org/@bazel/typescript/-/typescript-0.39.1.tgz",
      "integrity": "sha512-n4P6VKir1L3+rM/DgHa5mnlCfT7Wo0ra+TnkbTuZ08SeN/r8HTmClK6YADoDc5ORMQhzq8eXuVuLWeUUsFJyHQ==",
      "dev": true,
      "requires": {
        "protobufjs": "6.8.8",
        "semver": "5.6.0",
        "source-map-support": "0.5.9",
        "tsutils": "2.27.2"
      }
    },
    "@protobufjs/aspromise": {
      "version": "1.1.2",
      "resolved": "https://registry.npmjs.org/@protobufjs/aspromise/-/aspromise-1.1.2.tgz",
      "integrity": "sha1-m4sMxmPWaafY9vXQiToU00jzD78=",
      "dev": true
    },
    "@protobufjs/base64": {
      "version": "1.1.2",
      "resolved": "https://registry.npmjs.org/@protobufjs/base64/-/base64-1.1.2.tgz",
      "integrity": "sha512-AZkcAA5vnN/v4PDqKyMR5lx7hZttPDgClv83E//FMNhR2TMcLUhfRUBHCmSl0oi9zMgDDqRUJkSxO3wm85+XLg==",
      "dev": true
    },
    "@protobufjs/codegen": {
      "version": "2.0.4",
      "resolved": "https://registry.npmjs.org/@protobufjs/codegen/-/codegen-2.0.4.tgz",
      "integrity": "sha512-YyFaikqM5sH0ziFZCN3xDC7zeGaB/d0IUb9CATugHWbd1FRFwWwt4ld4OYMPWu5a3Xe01mGAULCdqhMlPl29Jg==",
      "dev": true
    },
    "@protobufjs/eventemitter": {
      "version": "1.1.0",
      "resolved": "https://registry.npmjs.org/@protobufjs/eventemitter/-/eventemitter-1.1.0.tgz",
      "integrity": "sha1-NVy8mLr61ZePntCV85diHx0Ga3A=",
      "dev": true
    },
    "@protobufjs/fetch": {
      "version": "1.1.0",
      "resolved": "https://registry.npmjs.org/@protobufjs/fetch/-/fetch-1.1.0.tgz",
      "integrity": "sha1-upn7WYYUr2VwDBYZ/wbUVLDYTEU=",
      "dev": true,
      "requires": {
        "@protobufjs/aspromise": "^1.1.1",
        "@protobufjs/inquire": "^1.1.0"
      }
    },
    "@protobufjs/float": {
      "version": "1.0.2",
      "resolved": "https://registry.npmjs.org/@protobufjs/float/-/float-1.0.2.tgz",
      "integrity": "sha1-Xp4avctz/Ap8uLKR33jIy9l7h9E=",
      "dev": true
    },
    "@protobufjs/inquire": {
      "version": "1.1.0",
      "resolved": "https://registry.npmjs.org/@protobufjs/inquire/-/inquire-1.1.0.tgz",
      "integrity": "sha1-/yAOPnzyQp4tyvwRQIKOjMY48Ik=",
      "dev": true
    },
    "@protobufjs/path": {
      "version": "1.1.2",
      "resolved": "https://registry.npmjs.org/@protobufjs/path/-/path-1.1.2.tgz",
      "integrity": "sha1-bMKyDFya1q0NzP0hynZz2Nf79o0=",
      "dev": true
    },
    "@protobufjs/pool": {
      "version": "1.1.0",
      "resolved": "https://registry.npmjs.org/@protobufjs/pool/-/pool-1.1.0.tgz",
      "integrity": "sha1-Cf0V8tbTq/qbZbw2ZQbWrXhG/1Q=",
      "dev": true
    },
    "@protobufjs/utf8": {
      "version": "1.1.0",
      "resolved": "https://registry.npmjs.org/@protobufjs/utf8/-/utf8-1.1.0.tgz",
      "integrity": "sha1-p3c2C1s5oaLlEG+OhY8v0tBgxXA=",
      "dev": true
    },
    "@types/long": {
      "version": "4.0.0",
      "resolved": "https://registry.npmjs.org/@types/long/-/long-4.0.0.tgz",
      "integrity": "sha512-1w52Nyx4Gq47uuu0EVcsHBxZFJgurQ+rTKS3qMHxR1GY2T8c2AJYd6vZoZ9q1rupaDjU0yT+Jc2XTyXkjeMA+Q==",
      "dev": true
    },
    "@types/node": {
      "version": "10.17.3",
      "resolved": "https://registry.npmjs.org/@types/node/-/node-10.17.3.tgz",
      "integrity": "sha512-QZ9CjUB3QoA3f2afw3utKlfRPhpmufB7jC2+oDhLWnXqoyx333fhKSQDLQu2EK7OE0a15X67eYiRAaJsHXrpMA==",
      "dev": true
    },
    "buffer-from": {
      "version": "1.1.1",
      "resolved": "https://registry.npmjs.org/buffer-from/-/buffer-from-1.1.1.tgz",
      "integrity": "sha512-MQcXEUbCKtEo7bhqEs6560Hyd4XaovZlO/k9V3hjVUF/zwW7KBVdSK4gIt/bzwS9MbR5qob+F5jusZsb0YQK2A==",
      "dev": true
    },
    "long": {
      "version": "4.0.0",
      "resolved": "https://registry.npmjs.org/long/-/long-4.0.0.tgz",
      "integrity": "sha512-XsP+KhQif4bjX1kbuSiySJFNAehNxgLb6hPRGJ9QsUr8ajHkuXGdrHmFUTUUXhDwVX2R5bY4JNZEwbUiMhV+MA==",
      "dev": true
    },
    "protobufjs": {
      "version": "6.8.8",
      "resolved": "https://registry.npmjs.org/protobufjs/-/protobufjs-6.8.8.tgz",
      "integrity": "sha512-AAmHtD5pXgZfi7GMpllpO3q1Xw1OYldr+dMUlAnffGTAhqkg72WdmSY71uKBF/JuyiKs8psYbtKrhi0ASCD8qw==",
      "dev": true,
      "requires": {
        "@protobufjs/aspromise": "^1.1.2",
        "@protobufjs/base64": "^1.1.2",
        "@protobufjs/codegen": "^2.0.4",
        "@protobufjs/eventemitter": "^1.1.0",
        "@protobufjs/fetch": "^1.1.0",
        "@protobufjs/float": "^1.0.2",
        "@protobufjs/inquire": "^1.1.0",
        "@protobufjs/path": "^1.1.2",
        "@protobufjs/pool": "^1.1.0",
        "@protobufjs/utf8": "^1.1.0",
        "@types/long": "^4.0.0",
        "@types/node": "^10.1.0",
        "long": "^4.0.0"
      }
    },
    "semver": {
      "version": "5.6.0",
      "resolved": "https://registry.npmjs.org/semver/-/semver-5.6.0.tgz",
      "integrity": "sha512-RS9R6R35NYgQn++fkDWaOmqGoj4Ek9gGs+DPxNUZKuwE183xjJroKvyo1IzVFeXvUrvmALy6FWD5xrdJT25gMg==",
      "dev": true
    },
    "source-map": {
      "version": "0.6.1",
      "resolved": "https://registry.npmjs.org/source-map/-/source-map-0.6.1.tgz",
      "integrity": "sha512-UjgapumWlbMhkBgzT7Ykc5YXUT46F0iKu8SGXq0bcwP5dz/h0Plj6enJqjz1Zbq2l5WaqYnrVbwWOWMyF3F47g==",
      "dev": true
    },
    "source-map-support": {
      "version": "0.5.9",
      "resolved": "https://registry.npmjs.org/source-map-support/-/source-map-support-0.5.9.tgz",
      "integrity": "sha512-gR6Rw4MvUlYy83vP0vxoVNzM6t8MUXqNuRsuBmBHQDu1Fh6X015FrLdgoDKcNdkwGubozq0P4N0Q37UyFVr1EA==",
      "dev": true,
      "requires": {
        "buffer-from": "^1.0.0",
        "source-map": "^0.6.0"
      }
    },
    "tslib": {
      "version": "1.10.0",
      "resolved": "https://registry.npmjs.org/tslib/-/tslib-1.10.0.tgz",
      "integrity": "sha512-qOebF53frne81cf0S9B41ByenJ3/IuH8yJKngAX35CmiZySA0khhkovshKK+jGCaMnVomla7gVlIcc3EvKPbTQ==",
      "dev": true
    },
    "tsutils": {
      "version": "2.27.2",
      "resolved": "https://registry.npmjs.org/tsutils/-/tsutils-2.27.2.tgz",
      "integrity": "sha512-qf6rmT84TFMuxAKez2pIfR8UCai49iQsfB7YWVjV1bKpy/d0PWT5rEOSM6La9PiHZ0k1RRZQiwVdVJfQ3BPHgg==",
      "dev": true,
      "requires": {
        "tslib": "^1.8.1"
      }
    },
    "typescript": {
      "version": "3.4.5",
      "resolved": "https://registry.npmjs.org/typescript/-/typescript-3.4.5.tgz",
      "integrity": "sha512-YycBxUb49UUhdNMU5aJ7z5Ej2XGmaIBL0x34vZ82fn3hGvD+bgrMrVDpatgz2f7YxUMJxMkbWxJZeAvDxVe7Vw==",
      "dev": true
    }
  }
}
