# THIS IS AN AUTOGENERATED FILE. DO NOT EDIT THIS FILE DIRECTLY.
# yarn lockfile v1


"@types/jasmine@^4.3.1":
  version "4.3.1"
  resolved "https://registry.yarnpkg.com/@types/jasmine/-/jasmine-4.3.1.tgz#2d8ab5601c2fe7d9673dcb157e03f128ab5c5fff"
  integrity sha512-Vu8l+UGcshYmV1VWwULgnV/2RDbBaO6i2Ptx7nd//oJPIZGhoI1YLST4VKagD2Pq/Bc2/7zvtvhM7F3p4SN7kQ==

"@types/uuid@^9.0.0":
  version "9.0.0"
  resolved "https://registry.yarnpkg.com/@types/uuid/-/uuid-9.0.0.tgz#53ef263e5239728b56096b0a869595135b7952d2"
  integrity sha512-kr90f+ERiQtKWMz5rP32ltJ/BtULDI5RVO0uavn1HQUOwjx0R1h0rnDYNL0CepF1zL5bSY6FISAfd9tOdDhU5Q==

fp-ts@^2.12.3:
  version "2.13.1"
  resolved "https://registry.yarnpkg.com/fp-ts/-/fp-ts-2.13.1.tgz#1bf2b24136cca154846af16752dc29e8fa506f2a"
  integrity sha512-0eu5ULPS2c/jsa1lGFneEFFEdTbembJv8e4QKXeVJ3lm/5hyve06dlKZrpxmMwJt6rYen7sxmHHK2CLaXvWuWQ==

immer@^9.0.16:
  version "9.0.16"
  resolved "https://registry.yarnpkg.com/immer/-/immer-9.0.16.tgz#8e7caab80118c2b54b37ad43e05758cdefad0198"
  integrity sha512-qenGE7CstVm1NrHQbMh8YaSzTZTFNP3zPqr3YU0S0UY441j4bJTg4A2Hh5KAhwgaiU6ZZ1Ar6y/2f4TblnMReQ==

io-ts@^2.2.16:
  version "2.2.20"
  resolved "https://registry.yarnpkg.com/io-ts/-/io-ts-2.2.20.tgz#be42b75f6668a2c44f706f72ee6e4c906777c7f5"
  integrity sha512-Rq2BsYmtwS5vVttie4rqrOCIfHCS9TgpRLFpKQCM1wZBBRY9nWVGmEvm2FnDbSE2un1UE39DvFpTR5UL47YDcA==

rxjs@^7.5.6:
  version "7.8.0"
  resolved "https://registry.yarnpkg.com/rxjs/-/rxjs-7.8.0.tgz#90a938862a82888ff4c7359811a595e14e1e09a4"
  integrity sha512-F2+gxDshqmIub1KdvZkaEfGDwLNpPvk9Fs6LD/MyQxNgMds/WH9OdDDXOmxUZpME+iSK3rQCctkL0DYyytUqMg==
  dependencies:
    tslib "^2.1.0"

tslib@^2.1.0:
  version "2.3.1"
  resolved "https://registry.yarnpkg.com/tslib/-/tslib-2.3.1.tgz#e8a335add5ceae51aa261d32a490158ef042ef01"
  integrity sha512-77EbyPPpMz+FRFRuAFlWMtmgUWGe9UOG2Z25NqCwiIjRhOf5iKGuzSe5P2w1laq+FkRy4p+PCuVkJSGkzTEKVw==

uuid@^9.0.0:
  version "9.0.0"
  resolved "https://registry.yarnpkg.com/uuid/-/uuid-9.0.0.tgz#592f550650024a38ceb0c562f2f6aa435761efb5"
  integrity sha512-MXcSTerfPa4uqyzStbRoTgt5XIe3x5+42+q1sDuy3R5MDk66URdLMOZe5aPX/SQd+kuYAh0FdP/pO28IkQyTeg==
